
Microsoft Visual Studio Solution File, Format Version 12.00
# Visual Studio 2013
VisualStudioVersion = 12.0.31101.0
MinimumVisualStudioVersion = 10.0.40219.1
Project("{FAE04EC0-301F-11D3-BF4B-00C04F79EFBC}") = "ED X52 MFD Controller", "ED X52 MFD Controller\ED X52 MFD Controller.csproj", "{2CC85100-CAC9-4F79-A625-A6C78A456ABE}"
EndProject
Project("{FAE04EC0-301F-11D3-BF4B-00C04F79EFBC}") = "DirectOutputCSharpWrapper", "ED X52 MFD Controller\DirectOutputWrapper\DirectOutputCSharpWrapper\DirectOutputCSharpWrapper.csproj", "{72A6F29C-07F1-49A1-9030-4A52DD76D507}"
EndProject
Global
	GlobalSection(SolutionConfigurationPlatforms) = preSolution
		Debug|Any CPU = Debug|Any CPU
		Debug|x64 = Debug|x64
		Debug|x86 = Debug|x86
		Release|Any CPU = Release|Any CPU
		Release|x64 = Release|x64
		Release|x86 = Release|x86
	EndGlobalSection
	GlobalSection(ProjectConfigurationPlatforms) = postSolution
		{2CC85100-CAC9-4F79-A625-A6C78A456ABE}.Debug|Any CPU.ActiveCfg = Debug|Any CPU
		{2CC85100-CAC9-4F79-A625-A6C78A456ABE}.Debug|Any CPU.Build.0 = Debug|Any CPU
		{2CC85100-CAC9-4F79-A625-A6C78A456ABE}.Debug|x64.ActiveCfg = Debug|Any CPU
		{2CC85100-CAC9-4F79-A625-A6C78A456ABE}.Debug|x86.ActiveCfg = Debug|Any CPU
		{2CC85100-CAC9-4F79-A625-A6C78A456ABE}.Release|Any CPU.ActiveCfg = Release|Any CPU
		{2CC85100-CAC9-4F79-A625-A6C78A456ABE}.Release|Any CPU.Build.0 = Release|Any CPU
		{2CC85100-CAC9-4F79-A625-A6C78A456ABE}.Release|x64.ActiveCfg = Release|Any CPU
		{2CC85100-CAC9-4F79-A625-A6C78A456ABE}.Release|x86.ActiveCfg = Release|Any CPU
		{72A6F29C-07F1-49A1-9030-4A52DD76D507}.Debug|Any CPU.ActiveCfg = Debug|Any CPU
		{72A6F29C-07F1-49A1-9030-4A52DD76D507}.Debug|Any CPU.Build.0 = Debug|Any CPU
		{72A6F29C-07F1-49A1-9030-4A52DD76D507}.Debug|x64.ActiveCfg = Debug|x64
		{72A6F29C-07F1-49A1-9030-4A52DD76D507}.Debug|x64.Build.0 = Debug|x64
		{72A6F29C-07F1-49A1-9030-4A52DD76D507}.Debug|x86.ActiveCfg = Debug|x86
		{72A6F29C-07F1-49A1-9030-4A52DD76D507}.Debug|x86.Build.0 = Debug|x86
		{72A6F29C-07F1-49A1-9030-4A52DD76D507}.Release|Any CPU.ActiveCfg = Release|Any CPU
		{72A6F29C-07F1-49A1-9030-4A52DD76D507}.Release|Any CPU.Build.0 = Release|Any CPU
		{72A6F29C-07F1-49A1-9030-4A52DD76D507}.Release|x64.ActiveCfg = Release|x64
		{72A6F29C-07F1-49A1-9030-4A52DD76D507}.Release|x64.Build.0 = Release|x64
		{72A6F29C-07F1-49A1-9030-4A52DD76D507}.Release|x86.ActiveCfg = Release|x86
		{72A6F29C-07F1-49A1-9030-4A52DD76D507}.Release|x86.Build.0 = Release|x86
	EndGlobalSection
	GlobalSection(SolutionProperties) = preSolution
		HideSolutionNode = FALSE
	EndGlobalSection
EndGlobal
